{
  "nodes": {
    "aquamarine": {
      "inputs": {
        "hyprutils": [
          "hyprutils"
        ],
        "hyprwayland-scanner": "hyprwayland-scanner",
        "nixpkgs": [
          "nixpkgs"
        ],
        "systems": [
          "systems"
        ]
      },
      "locked": {
        "lastModified": 1788938844,
        "narHash": "sha256-NJnb7lC5KbKJAjTsAEEi9RrQXAlukQ2fV0+0gDEFWVI=",
        "owner": "hyprwm",
        "repo": "aquamarine",
        "rev": "61ddacaf586edb35604e7db4ccf6926a2c516cf1",
        "type": "github"
      },
      "original": {
        "owner": "hyprwm",
        "repo": "aquamarine",
        "type": "github"
      }
    },
    "hyprgraphics": {
      "inputs": {
        "hyprutils": [
          "hyprutils"
        ],
        "nixpkgs": [
          "nixpkgs"
        ],
        "systems": [
          "systems"
        ]
      },
      "locked": {
        "lastModified": 1786464367,
        "narHash": "sha256-k58p4wbzIXWyRWrW84pP8tD+iaZSSYiiM+fr0Auk4oU=",
        "owner": "hyprwm",
        "repo": "hyprgraphics",
        "rev": "7c895c44e3ca6d28ed68ddd80ec02b02b925e7fc",
        "type": "github"
      },
      "original": {
        "owner": "hyprwm",
        "repo": "hyprgraphics",
        "type": "github"
      }
    },
    "hyprland-guiutils": {
      "inputs": {
        "aquamarine": [
          "aquamarine"
        ],
        "hyprgraphics": [
          "hyprgraphics"
        ],
        "hyprlang": [
          "hyprlang"
        ],
        "hyprtoolkit": [
          "hyprtoolkit"
        ],
        "hyprutils": [
          "hyprutils"
        ],
        "hyprwayland-scanner": [
          "hyprwayland-scanner"
        ],
        "nixpkgs": [
          "nixpkgs"
        ],
        "systems": [
          "systems"
        ]
      },
      "locked": {
        "lastModified": 1786464504,
        "narHash": "sha256-7sHwM86KILQyHDHDuE2SDBlQ2jvZ0EW3hY7sW009/cg=",
        "owner": "hyprwm",
        "repo": "hyprland-guiutils",
        "rev": "4c30cf3097ea963c0e250749ee0c59f8b08816d6",
        "type": "github"
      },
      "original": {
        "owner": "hyprwm",
        "repo": "hyprland-guiutils",
        "type": "github"
      }
    },
    "hyprlang": {
      "inputs": {
        "hyprutils": [
          "hyprutils"
        ],
        "nixpkgs": [
          "nixpkgs"
        ],
        "systems": [
          "systems"
        ]
      },
      "locked": {
        "lastModified": 1786464129,
        "narHash": "sha256-339AkTlpMYSIvFuG0rnR+8Yg4/AZKeJalshJavlnKfg=",
        "owner": "hyprwm",
        "repo": "hyprlang",
        "rev": "9508458be316a0d70d37ebed1ab725ccd10411ff",
        "type": "github"
      },
      "original": {
        "owner": "hyprwm",
        "repo": "hyprlang",
        "type": "github"
      }
    },
    "hyprlang_2": {
      "inputs": {
        "hyprutils": [
          "hyprlauncher",
          "hyprutils"
        ],
        "nixpkgs": [
          "hyprlauncher",
          "nixpkgs"
        ],
        "systems": [
          "hyprlauncher",
          "systems"
        ]
      },
      "locked": {
        "lastModified": 1786464129,
        "narHash": "sha256-339AkTlpMYSIvFuG0rnR+8Yg4/AZKeJalshJavlnKfg=",
        "owner": "hyprwm",
        "repo": "hyprlang",
        "rev": "9508458be316a0d70d37ebed1ab725ccd10411ff",
        "type": "github"
      },
      "original": {
        "owner": "hyprwm",
        "repo": "hyprlang",
        "type": "github"
      }
    },
    "hyprlauncher": {
      "inputs": {
        "aquamarine": [
          "aquamarine"
        ],
        "hyprgraphics": [
          "hyprgraphics"
        ],
        "hyprlang": "hyprlang_2",
        "hyprtoolkit": [
          "hyprtoolkit"
        ],
        "hyprutils": [
          "hyprutils"
        ],
        "hyprwayland-scanner": [
          "hyprwayland-scanner"
        ],
        "hyprwire": "hyprwire",
        "nixpkgs": [
          "nixpkgs"
        ],
        "systems": [
          "systems"
        ]
      },
      "locked": {
        "lastModified": 1788968892,
        "narHash": "sha256-2a2m27yB8SpbE0OyPi5YPWfvsa1d8vuUHlGH6cAq4ts=",
        "owner": "bluezeeking",
        "repo": "hyprlauncher",
        "rev": "2ec53e571c072b2a9a976e92f48721e38065d128",
        "type": "github"
      },
      "original": {
        "owner": "bluezeeking",
        "repo": "hyprlauncher",
        "type": "github"
      }
    },
    "hyprpolkitagent": {
      "inputs": {
        "aquamarine": [
          "aquamarine"
        ],
        "hyprgraphics": [
          "hyprgraphics"
        ],
        "hyprlang": [
          "hyprlang"
        ],
        "hyprtoolkit": [
          "hyprtoolkit"
        ],
        "hyprutils": [
          "hyprutils"
        ],
        "nixpkgs": [
          "nixpkgs"
        ],
        "systems": [
          "systems"
        ]
      },
      "locked": {
        "lastModified": 1788960496,
        "narHash": "sha256-Ygn+TD4GI3jSKCBNohgITdSicAgMCDq1lJzNN5QR/5o=",
        "owner": "hyprwm",
        "repo": "hyprpolkitagent",
        "rev": "0e4492994e211b9af9365f16a9fda35d32e106bb",
        "type": "github"
      },
      "original": {
        "owner": "hyprwm",
        "repo": "hyprpolkitagent",
        "type": "github"
      }
    },
    "hyprtoolkit": {
      "inputs": {
        "aquamarine": [
          "aquamarine"
        ],
        "hyprgraphics": [
          "hyprgraphics"
        ],
        "hyprlang": [
          "hyprlang"
        ],
        "hyprutils": [
          "hyprutils"
        ],
        "hyprwayland-scanner": [
          "hyprwayland-scanner"
        ],
        "nixpkgs": [
          "nixpkgs"
        ],
        "systems": [
          "systems"
        ]
      },
      "locked": {
        "lastModified": 1788970064,
        "narHash": "sha256-jdBB7YyZ9NuQlq82+9fm11lmocmmR9eq+8+dS6GvpPk=",
        "owner": "BlueZeeKing",
        "repo": "hyprtoolkit",
        "rev": "18dc97ed1ee6c2e06bfd2e7782e941bbd8be5dd3",
        "type": "github"
      },
      "original": {
        "owner": "BlueZeeKing",
        "repo": "hyprtoolkit",
        "type": "github"
      }
    },
    "hyprutils": {
      "inputs": {
        "nixpkgs": [
          "nixpkgs"
        ],
        "systems": [
          "systems"
        ]
      },
      "locked": {
        "lastModified": 1788619883,
        "narHash": "sha256-dpmeFq5vPvSOsi30ZchOLjltAZEuVBucDvGKs3IZYf4=",
        "owner": "hyprwm",
        "repo": "hyprutils",
        "rev": "a21e87b878e72ee5dfd375899e8b2ad0d0c4c0e1",
        "type": "github"
      },
      "original": {
        "owner": "hyprwm",
        "repo": "hyprutils",
        "type": "github"
      }
    },
    "hyprwayland-scanner": {
      "inputs": {
        "nixpkgs": [
          "aquamarine",
          "nixpkgs"
        ],
        "systems": [
          "aquamarine",
          "systems"
        ]
      },
      "locked": {
        "lastModified": 1786464033,
        "narHash": "sha256-QM8Qe4/L8lpdVN4bgwahmi+jyyc4fisseDMe4afcDxA=",
        "owner": "hyprwm",
        "repo": "hyprwayland-scanner",
        "rev": "62e62c1ca23da17612c6890d4ad2064f575643db",
        "type": "github"
      },
      "original": {
        "owner": "hyprwm",
        "repo": "hyprwayland-scanner",
        "type": "github"
      }
    },
    "hyprwayland-scanner_2": {
      "inputs": {
        "nixpkgs": [
          "nixpkgs"
        ],
        "systems": [
          "systems"
        ]
      },
      "locked": {
        "lastModified": 1786464033,
        "narHash": "sha256-QM8Qe4/L8lpdVN4bgwahmi+jyyc4fisseDMe4afcDxA=",
        "owner": "hyprwm",
        "repo": "hyprwayland-scanner",
        "rev": "62e62c1ca23da17612c6890d4ad2064f575643db",
        "type": "github"
      },
      "original": {
        "owner": "hyprwm",
        "repo": "hyprwayland-scanner",
        "type": "github"
      }
    },
    "hyprwire": {
      "inputs": {
        "hyprutils": [
          "hyprlauncher",
          "hyprutils"
        ],
        "nixpkgs": [
          "hyprlauncher",
          "nixpkgs"
        ],
        "systems": [
          "hyprlauncher",
          "systems"
        ]
      },
      "locked": {
        "lastModified": 1786464294,
        "narHash": "sha256-ZQsZ2WvBdkboCIyh8LStDPdAIARmxzn0XMNxxoOhjPE=",
        "owner": "hyprwm",
        "repo": "hyprwire",
        "rev": "4ce7cd6b6128c1ac41caf23c58a30a26b327f9dd",
        "type": "github"
      },
      "original": {
        "owner": "hyprwm",
        "repo": "hyprwire",
        "type": "github"
      }
    },
    "nixpkgs": {
      "locked": {
        "lastModified": 1788881743,
        "narHash": "sha256-2V9GZGvPfrNzxFozhI9dcqV+c3QdA8YZrvAAzqEB+dI=",
        "owner": "NixOS",
        "repo": "nixpkgs",
        "rev": "d6524aaca2ff07876657ae2b323f24be4874944b",
        "type": "github"
      },
      "original": {
        "owner": "NixOS",
        "ref": "nixos-unstable",
        "repo": "nixpkgs",
        "type": "github"
      }
    },
    "root": {
      "inputs": {
        "aquamarine": "aquamarine",
        "hyprgraphics": "hyprgraphics",
        "hyprland-guiutils": "hyprland-guiutils",
        "hyprlang": "hyprlang",
        "hyprlauncher": "hyprlauncher",
        "hyprpolkitagent": "hyprpolkitagent",
        "hyprtoolkit": "hyprtoolkit",
        "hyprutils": "hyprutils",
        "hyprwayland-scanner": "hyprwayland-scanner_2",
        "nixpkgs": "nixpkgs",
        "systems": "systems"
      }
    },
    "systems": {
      "locked": {
        "lastModified": 1689347949,
        "narHash": "sha256-12tWmuL2zgBgZkdoB6qXZsgJEH9LR3oUgpaQq2RbI80=",
        "owner": "nix-systems",
        "repo": "default-linux",
        "rev": "31732fcf5e8fea42e59c2488ad31a0e651500f68",
        "type": "github"
      },
      "original": {
        "owner": "nix-systems",
        "repo": "default-linux",
        "type": "github"
      }
    }
  },
  "root": "root",
  "version": 7
}
